// !$*UTF8*$!
{
	archiveVersion = 1;
	classes = {
	};
	objectVersion = 50;
	objects = {

/* Begin PBXBuildFile section */
		8028C25E2247CA0500FAF12C /* Event.swift in Sources */ = {isa = PBXBuildFile; fileRef = 8028C25D2247CA0500FAF12C /* Event.swift */; };
		8028C2602247CA5300FAF12C /* StatusType.swift in Sources */ = {isa = PBXBuildFile; fileRef = 8028C25F2247CA5300FAF12C /* StatusType.swift */; };
		8028C2632247CB6700FAF12C /* DataService.swift in Sources */ = {isa = PBXBuildFile; fileRef = 8028C2622247CB6700FAF12C /* DataService.swift */; };
		8028C2652247CE2800FAF12C /* EventCell.swift in Sources */ = {isa = PBXBuildFile; fileRef = 8028C2642247CE2800FAF12C /* EventCell.swift */; };
		8028C2692247D25F00FAF12C /* EventVC.swift in Sources */ = {isa = PBXBuildFile; fileRef = 8028C2682247D25E00FAF12C /* EventVC.swift */; };
		8028C26B2247D43100FAF12C /* StatusLable.swift in Sources */ = {isa = PBXBuildFile; fileRef = 8028C26A2247D43100FAF12C /* StatusLable.swift */; };
		8028C26D2247E38400FAF12C /* RoundButton.swift in Sources */ = {isa = PBXBuildFile; fileRef = 8028C26C2247E38400FAF12C /* RoundButton.swift */; };
		80523B8622491481007A92E0 /* Avatar.swift in Sources */ = {isa = PBXBuildFile; fileRef = 80523B8522491481007A92E0 /* Avatar.swift */; };
		80523B882249150D007A92E0 /* EventDetailVC.swift in Sources */ = {isa = PBXBuildFile; fileRef = 80523B872249150D007A92E0 /* EventDetailVC.swift */; };
		80523B8A22492254007A92E0 /* PostImage.swift in Sources */ = {isa = PBXBuildFile; fileRef = 80523B8922492254007A92E0 /* PostImage.swift */; };
		80523B8C22493F79007A92E0 /* RoundView.swift in Sources */ = {isa = PBXBuildFile; fileRef = 80523B8B22493F79007A92E0 /* RoundView.swift */; };
		806039722244BD49002E6728 /* BorderButton.swift in Sources */ = {isa = PBXBuildFile; fileRef = 806039712244BD49002E6728 /* BorderButton.swift */; };
		806039752244C01E002E6728 /* Default-568h@2x.png in Resources */ = {isa = PBXBuildFile; fileRef = 806039742244C01E002E6728 /* Default-568h@2x.png */; };
		806039772244CB63002E6728 /* CustomTextField.swift in Sources */ = {isa = PBXBuildFile; fileRef = 806039762244CB63002E6728 /* CustomTextField.swift */; };
		808DACCC224520FB0027EAF5 /* SignUpVC.swift in Sources */ = {isa = PBXBuildFile; fileRef = 808DACCA224520FB0027EAF5 /* SignUpVC.swift */; };
		808DACCD224520FB0027EAF5 /* LoginVC.swift in Sources */ = {isa = PBXBuildFile; fileRef = 808DACCB224520FB0027EAF5 /* LoginVC.swift */; };
		80F651B02244A70A00397DAA /* AppDelegate.swift in Sources */ = {isa = PBXBuildFile; fileRef = 80F651AF2244A70A00397DAA /* AppDelegate.swift */; };
		80F651B52244A70A00397DAA /* Main.storyboard in Resources */ = {isa = PBXBuildFile; fileRef = 80F651B32244A70A00397DAA /* Main.storyboard */; };
		80F651B82244A70A00397DAA /* CleanTheWorld.xcdatamodeld in Sources */ = {isa = PBXBuildFile; fileRef = 80F651B62244A70A00397DAA /* CleanTheWorld.xcdatamodeld */; };
		80F651BD2244A70B00397DAA /* LaunchScreen.storyboard in Resources */ = {isa = PBXBuildFile; fileRef = 80F651BB2244A70B00397DAA /* LaunchScreen.storyboard */; };
		80F651C52244AC6600397DAA /* Assets.xcassets in Resources */ = {isa = PBXBuildFile; fileRef = 80F651C42244AC6600397DAA /* Assets.xcassets */; };
/* End PBXBuildFile section */

/* Begin PBXFileReference section */
		8028C25D2247CA0500FAF12C /* Event.swift */ = {isa = PBXFileReference; lastKnownFileType = sourcecode.swift; path = Event.swift; sourceTree = "<group>"; };
		8028C25F2247CA5300FAF12C /* StatusType.swift */ = {isa = PBXFileReference; lastKnownFileType = sourcecode.swift; path = StatusType.swift; sourceTree = "<group>"; };
		8028C2622247CB6700FAF12C /* DataService.swift */ = {isa = PBXFileReference; lastKnownFileType = sourcecode.swift; path = DataService.swift; sourceTree = "<group>"; };
		8028C2642247CE2800FAF12C /* EventCell.swift */ = {isa = PBXFileReference; lastKnownFileType = sourcecode.swift; path = EventCell.swift; sourceTree = "<group>"; };
		8028C2682247D25E00FAF12C /* EventVC.swift */ = {isa = PBXFileReference; fileEncoding = 4; lastKnownFileType = sourcecode.swift; path = EventVC.swift; sourceTree = "<group>"; };
		8028C26A2247D43100FAF12C /* StatusLable.swift */ = {isa = PBXFileReference; lastKnownFileType = sourcecode.swift; path = StatusLable.swift; sourceTree = "<group>"; };
		8028C26C2247E38400FAF12C /* RoundButton.swift */ = {isa = PBXFileReference; lastKnownFileType = sourcecode.swift; path = RoundButton.swift; sourceTree = "<group>"; };
		80523B8522491481007A92E0 /* Avatar.swift */ = {isa = PBXFileReference; lastKnownFileType = sourcecode.swift; path = Avatar.swift; sourceTree = "<group>"; };
		80523B872249150D007A92E0 /* EventDetailVC.swift */ = {isa = PBXFileReference; lastKnownFileType = sourcecode.swift; path = EventDetailVC.swift; sourceTree = "<group>"; };
		80523B8922492254007A92E0 /* PostImage.swift */ = {isa = PBXFileReference; lastKnownFileType = sourcecode.swift; path = PostImage.swift; sourceTree = "<group>"; };
		80523B8B22493F79007A92E0 /* RoundView.swift */ = {isa = PBXFileReference; lastKnownFileType = sourcecode.swift; path = RoundView.swift; sourceTree = "<group>"; };
		806039712244BD49002E6728 /* BorderButton.swift */ = {isa = PBXFileReference; lastKnownFileType = sourcecode.swift; path = BorderButton.swift; sourceTree = "<group>"; };
		806039742244C01E002E6728 /* Default-568h@2x.png */ = {isa = PBXFileReference; lastKnownFileType = image.png; path = "Default-568h@2x.png"; sourceTree = "<group>"; };
		806039762244CB63002E6728 /* CustomTextField.swift */ = {isa = PBXFileReference; lastKnownFileType = sourcecode.swift; path = CustomTextField.swift; sourceTree = "<group>"; };
		808DACCA224520FB0027EAF5 /* SignUpVC.swift */ = {isa = PBXFileReference; fileEncoding = 4; lastKnownFileType = sourcecode.swift; path = SignUpVC.swift; sourceTree = "<group>"; };
		808DACCB224520FB0027EAF5 /* LoginVC.swift */ = {isa = PBXFileReference; fileEncoding = 4; lastKnownFileType = sourcecode.swift; path = LoginVC.swift; sourceTree = "<group>"; };
		80F651AC2244A70A00397DAA /* CleanTheWorld.app */ = {isa = PBXFileReference; explicitFileType = wrapper.application; includeInIndex = 0; path = CleanTheWorld.app; sourceTree = BUILT_PRODUCTS_DIR; };
		80F651AF2244A70A00397DAA /* AppDelegate.swift */ = {isa = PBXFileReference; lastKnownFileType = sourcecode.swift; path = AppDelegate.swift; sourceTree = "<group>"; };
		80F651B42244A70A00397DAA /* Base */ = {isa = PBXFileReference; lastKnownFileType = file.storyboard; name = Base; path = Base.lproj/Main.storyboard; sourceTree = "<group>"; };
		80F651B72244A70A00397DAA /* CleanTheWorld.xcdatamodel */ = {isa = PBXFileReference; lastKnownFileType = wrapper.xcdatamodel; path = CleanTheWorld.xcdatamodel; sourceTree = "<group>"; };
		80F651BC2244A70B00397DAA /* Base */ = {isa = PBXFileReference; lastKnownFileType = file.storyboard; name = Base; path = Base.lproj/LaunchScreen.storyboard; sourceTree = "<group>"; };
		80F651BE2244A70B00397DAA /* Info.plist */ = {isa = PBXFileReference; lastKnownFileType = text.plist.xml; path = Info.plist; sourceTree = "<group>"; };
		80F651C42244AC6600397DAA /* Assets.xcassets */ = {isa = PBXFileReference; lastKnownFileType = folder.assetcatalog; path = Assets.xcassets; sourceTree = "<group>"; };
/* End PBXFileReference section */

/* Begin PBXFrameworksBuildPhase section */
		80F651A92244A70A00397DAA /* Frameworks */ = {
			isa = PBXFrameworksBuildPhase;
			buildActionMask = 2147483647;
			files = (
			);
			runOnlyForDeploymentPostprocessing = 0;
		};
/* End PBXFrameworksBuildPhase section */

/* Begin PBXGroup section */
		8028C2612247CB2F00FAF12C /* Services */ = {
			isa = PBXGroup;
			children = (
				8028C2622247CB6700FAF12C /* DataService.swift */,
			);
			path = Services;
			sourceTree = "<group>";
		};
		8060396E2244BD2B002E6728 /* Model */ = {
			isa = PBXGroup;
			children = (
				8028C25D2247CA0500FAF12C /* Event.swift */,
				8028C25F2247CA5300FAF12C /* StatusType.swift */,
			);
			path = Model;
			sourceTree = "<group>";
		};
		8060396F2244BD34002E6728 /* View */ = {
			isa = PBXGroup;
			children = (
				806039712244BD49002E6728 /* BorderButton.swift */,
				806039762244CB63002E6728 /* CustomTextField.swift */,
				8028C2642247CE2800FAF12C /* EventCell.swift */,
				8028C26A2247D43100FAF12C /* StatusLable.swift */,
				8028C26C2247E38400FAF12C /* RoundButton.swift */,
				80523B8522491481007A92E0 /* Avatar.swift */,
				80523B8922492254007A92E0 /* PostImage.swift */,
				80523B8B22493F79007A92E0 /* RoundView.swift */,
			);
			path = View;
			sourceTree = "<group>";
		};
		806039702244BD3B002E6728 /* Controller */ = {
			isa = PBXGroup;
			children = (
				8028C2682247D25E00FAF12C /* EventVC.swift */,
				808DACCB224520FB0027EAF5 /* LoginVC.swift */,
				808DACCA224520FB0027EAF5 /* SignUpVC.swift */,
				80523B872249150D007A92E0 /* EventDetailVC.swift */,
			);
			path = Controller;
			sourceTree = "<group>";
		};
		806039732244BFFD002E6728 /* Support */ = {
			isa = PBXGroup;
			children = (
				806039742244C01E002E6728 /* Default-568h@2x.png */,
				80F651AF2244A70A00397DAA /* AppDelegate.swift */,
				80F651BB2244A70B00397DAA /* LaunchScreen.storyboard */,
				80F651C42244AC6600397DAA /* Assets.xcassets */,
				80F651B62244A70A00397DAA /* CleanTheWorld.xcdatamodeld */,
			);
			path = Support;
			sourceTree = "<group>";
		};
		80F651A32244A70A00397DAA = {
			isa = PBXGroup;
			children = (
				80F651AE2244A70A00397DAA /* CleanTheWorld */,
				80F651AD2244A70A00397DAA /* Products */,
			);
			sourceTree = "<group>";
		};
		80F651AD2244A70A00397DAA /* Products */ = {
			isa = PBXGroup;
			children = (
				80F651AC2244A70A00397DAA /* CleanTheWorld.app */,
			);
			name = Products;
			sourceTree = "<group>";
		};
		80F651AE2244A70A00397DAA /* CleanTheWorld */ = {
			isa = PBXGroup;
			children = (
				806039732244BFFD002E6728 /* Support */,
				8028C2612247CB2F00FAF12C /* Services */,
				806039702244BD3B002E6728 /* Controller */,
				8060396F2244BD34002E6728 /* View */,
				8060396E2244BD2B002E6728 /* Model */,
				80F651B32244A70A00397DAA /* Main.storyboard */,
				80F651BE2244A70B00397DAA /* Info.plist */,
			);
			path = CleanTheWorld;
			sourceTree = "<group>";
		};
/* End PBXGroup section */

/* Begin PBXNativeTarget section */
		80F651AB2244A70A00397DAA /* CleanTheWorld */ = {
			isa = PBXNativeTarget;
			buildConfigurationList = 80F651C12244A70B00397DAA /* Build configuration list for PBXNativeTarget "CleanTheWorld" */;
			buildPhases = (
				80F651A82244A70A00397DAA /* Sources */,
				80F651A92244A70A00397DAA /* Frameworks */,
				80F651AA2244A70A00397DAA /* Resources */,
			);
			buildRules = (
			);
			dependencies = (
			);
			name = CleanTheWorld;
			productName = CleanTheWorld;
			productReference = 80F651AC2244A70A00397DAA /* CleanTheWorld.app */;
			productType = "com.apple.product-type.application";
		};
/* End PBXNativeTarget section */

/* Begin PBXProject section */
		80F651A42244A70A00397DAA /* Project object */ = {
			isa = PBXProject;
			attributes = {
				LastSwiftUpdateCheck = 1010;
				LastUpgradeCheck = 1010;
				ORGANIZATIONNAME = "Trong Tran";
				TargetAttributes = {
					80F651AB2244A70A00397DAA = {
						CreatedOnToolsVersion = 10.1;
					};
				};
			};
			buildConfigurationList = 80F651A72244A70A00397DAA /* Build configuration list for PBXProject "CleanTheWorld" */;
			compatibilityVersion = "Xcode 9.3";
			developmentRegion = en;
			hasScannedForEncodings = 0;
			knownRegions = (
				en,
				Base,
			);
			mainGroup = 80F651A32244A70A00397DAA;
			productRefGroup = 80F651AD2244A70A00397DAA /* Products */;
			projectDirPath = "";
			projectRoot = "";
			targets = (
				80F651AB2244A70A00397DAA /* CleanTheWorld */,
			);
		};
/* End PBXProject section */

/* Begin PBXResourcesBuildPhase section */
		80F651AA2244A70A00397DAA /* Resources */ = {
			isa = PBXResourcesBuildPhase;
			buildActionMask = 2147483647;
			files = (
				80F651BD2244A70B00397DAA /* LaunchScreen.storyboard in Resources */,
				806039752244C01E002E6728 /* Default-568h@2x.png in Resources */,
				80F651C52244AC6600397DAA /* Assets.xcassets in Resources */,
				80F651B52244A70A00397DAA /* Main.storyboard in Resources */,
			);
			runOnlyForDeploymentPostprocessing = 0;
		};
/* End PBXResourcesBuildPhase section */

/* Begin PBXSourcesBuildPhase section */
		80F651A82244A70A00397DAA /* Sources */ = {
			isa = PBXSourcesBuildPhase;
			buildActionMask = 2147483647;
			files = (
				8028C2632247CB6700FAF12C /* DataService.swift in Sources */,
				80F651B82244A70A00397DAA /* CleanTheWorld.xcdatamodeld in Sources */,
				8028C2652247CE2800FAF12C /* EventCell.swift in Sources */,
				80523B8A22492254007A92E0 /* PostImage.swift in Sources */,
				80523B8622491481007A92E0 /* Avatar.swift in Sources */,
				8028C2602247CA5300FAF12C /* StatusType.swift in Sources */,
				80523B8C22493F79007A92E0 /* RoundView.swift in Sources */,
				8028C26B2247D43100FAF12C /* StatusLable.swift in Sources */,
				8028C2692247D25F00FAF12C /* EventVC.swift in Sources */,
				8028C26D2247E38400FAF12C /* RoundButton.swift in Sources */,
				80F651B02244A70A00397DAA /* AppDelegate.swift in Sources */,
				80523B882249150D007A92E0 /* EventDetailVC.swift in Sources */,
				808DACCD224520FB0027EAF5 /* LoginVC.swift in Sources */,
				806039722244BD49002E6728 /* BorderButton.swift in Sources */,
				808DACCC224520FB0027EAF5 /* SignUpVC.swift in Sources */,
				8028C25E2247CA0500FAF12C /* Event.swift in Sources */,
				806039772244CB63002E6728 /* CustomTextField.swift in Sources */,
			);
			runOnlyForDeploymentPostprocessing = 0;
		};
/* End PBXSourcesBuildPhase section */

/* Begin PBXVariantGroup section */
		80F651B32244A70A00397DAA /* Main.storyboard */ = {
			isa = PBXVariantGroup;
			children = (
				80F651B42244A70A00397DAA /* Base */,
			);
			name = Main.storyboard;
			sourceTree = "<group>";
		};
		80F651BB2244A70B00397DAA /* LaunchScreen.storyboard */ = {
			isa = PBXVariantGroup;
			children = (
				80F651BC2244A70B00397DAA /* Base */,
			);
			name = LaunchScreen.storyboard;
			sourceTree = "<group>";
		};
/* End PBXVariantGroup section */

/* Begin XCBuildConfiguration section */
		80F651BF2244A70B00397DAA /* Debug */ = {
			isa = XCBuildConfiguration;
			buildSettings = {
				ALWAYS_SEARCH_USER_PATHS = NO;
				CLANG_ANALYZER_NONNULL = YES;
				CLANG_ANALYZER_NUMBER_OBJECT_CONVERSION = YES_AGGRESSIVE;
				CLANG_CXX_LANGUAGE_STANDARD = "gnu++14";
				CLANG_CXX_LIBRARY = "libc++";
				CLANG_ENABLE_MODULES = YES;
				CLANG_ENABLE_OBJC_ARC = YES;
				CLANG_ENABLE_OBJC_WEAK = YES;
				CLANG_WARN_BLOCK_CAPTURE_AUTORELEASING = YES;
				CLANG_WARN_BOOL_CONVERSION = YES;
				CLANG_WARN_COMMA = YES;
				CLANG_WARN_CONSTANT_CONVERSION = YES;
				CLANG_WARN_DEPRECATED_OBJC_IMPLEMENTATIONS = YES;
				CLANG_WARN_DIRECT_OBJC_ISA_USAGE = YES_ERROR;
				CLANG_WARN_DOCUMENTATION_COMMENTS = YES;
				CLANG_WARN_EMPTY_BODY = YES;
				CLANG_WARN_ENUM_CONVERSION = YES;
				CLANG_WARN_INFINITE_RECURSION = YES;
				CLANG_WARN_INT_CONVERSION = YES;
				CLANG_WARN_NON_LITERAL_NULL_CONVERSION = YES;
				CLANG_WARN_OBJC_IMPLICIT_RETAIN_SELF = YES;
				CLANG_WARN_OBJC_LITERAL_CONVERSION = YES;
				CLANG_WARN_OBJC_ROOT_CLASS = YES_ERROR;
				CLANG_WARN_RANGE_LOOP_ANALYSIS = YES;
				CLANG_WARN_STRICT_PROTOTYPES = YES;
				CLANG_WARN_SUSPICIOUS_MOVE = YES;
				CLANG_WARN_UNGUARDED_AVAILABILITY = YES_AGGRESSIVE;
				CLANG_WARN_UNREACHABLE_CODE = YES;
				CLANG_WARN__DUPLICATE_METHOD_MATCH = YES;
				CODE_SIGN_IDENTITY = "iPhone Developer";
				COPY_PHASE_STRIP = NO;
				DEBUG_INFORMATION_FORMAT = dwarf;
				ENABLE_STRICT_OBJC_MSGSEND = YES;
				ENABLE_TESTABILITY = YES;
				GCC_C_LANGUAGE_STANDARD = gnu11;
				GCC_DYNAMIC_NO_PIC = NO;
				GCC_NO_COMMON_BLOCKS = YES;
				GCC_OPTIMIZATION_LEVEL = 0;
				GCC_PREPROCESSOR_DEFINITIONS = (
					"DEBUG=1",
					"$(inherited)",
				);
				GCC_WARN_64_TO_32_BIT_CONVERSION = YES;
				GCC_WARN_ABOUT_RETURN_TYPE = YES_ERROR;
				GCC_WARN_UNDECLARED_SELECTOR = YES;
				GCC_WARN_UNINITIALIZED_AUTOS = YES_AGGRESSIVE;
				GCC_WARN_UNUSED_FUNCTION = YES;
				GCC_WARN_UNUSED_VARIABLE = YES;
				IPHONEOS_DEPLOYMENT_TARGET = 12.1;
				MTL_ENABLE_DEBUG_INFO = INCLUDE_SOURCE;
				MTL_FAST_MATH = YES;
				ONLY_ACTIVE_ARCH = YES;
				SDKROOT = iphoneos;
				SWIFT_ACTIVE_COMPILATION_CONDITIONS = DEBUG;
				SWIFT_OPTIMIZATION_LEVEL = "-Onone";
			};
			name = Debug;
		};
		80F651C02244A70B00397DAA /* Release */ = {
			isa = XCBuildConfiguration;
			buildSettings = {
				ALWAYS_SEARCH_USER_PATHS = NO;
				CLANG_ANALYZER_NONNULL = YES;
				CLANG_ANALYZER_NUMBER_OBJECT_CONVERSION = YES_AGGRESSIVE;
				CLANG_CXX_LANGUAGE_STANDARD = "gnu++14";
				CLANG_CXX_LIBRARY = "libc++";
				CLANG_ENABLE_MODULES = YES;
				CLANG_ENABLE_OBJC_ARC = YES;
				CLANG_ENABLE_OBJC_WEAK = YES;
				CLANG_WARN_BLOCK_CAPTURE_AUTORELEASING = YES;
				CLANG_WARN_BOOL_CONVERSION = YES;
				CLANG_WARN_COMMA = YES;
				CLANG_WARN_CONSTANT_CONVERSION = YES;
				CLANG_WARN_DEPRECATED_OBJC_IMPLEMENTATIONS = YES;
				CLANG_WARN_DIRECT_OBJC_ISA_USAGE = YES_ERROR;
				CLANG_WARN_DOCUMENTATION_COMMENTS = YES;
				CLANG_WARN_EMPTY_BODY = YES;
				CLANG_WARN_ENUM_CONVERSION = YES;
				CLANG_WARN_INFINITE_RECURSION = YES;
				CLANG_WARN_INT_CONVERSION = YES;
				CLANG_WARN_NON_LITERAL_NULL_CONVERSION = YES;
				CLANG_WARN_OBJC_IMPLICIT_RETAIN_SELF = YES;
				CLANG_WARN_OBJC_LITERAL_CONVERSION = YES;
				CLANG_WARN_OBJC_ROOT_CLASS = YES_ERROR;
				CLANG_WARN_RANGE_LOOP_ANALYSIS = YES;
				CLANG_WARN_STRICT_PROTOTYPES = YES;
				CLANG_WARN_SUSPICIOUS_MOVE = YES;
				CLANG_WARN_UNGUARDED_AVAILABILITY = YES_AGGRESSIVE;
				CLANG_WARN_UNREACHABLE_CODE = YES;
				CLANG_WARN__DUPLICATE_METHOD_MATCH = YES;
				CODE_SIGN_IDENTITY = "iPhone Developer";
				COPY_PHASE_STRIP = NO;
				DEBUG_INFORMATION_FORMAT = "dwarf-with-dsym";
				ENABLE_NS_ASSERTIONS = NO;
				ENABLE_STRICT_OBJC_MSGSEND = YES;
				GCC_C_LANGUAGE_STANDARD = gnu11;
				GCC_NO_COMMON_BLOCKS = YES;
				GCC_WARN_64_TO_32_BIT_CONVERSION = YES;
				GCC_WARN_ABOUT_RETURN_TYPE = YES_ERROR;
				GCC_WARN_UNDECLARED_SELECTOR = YES;
				GCC_WARN_UNINITIALIZED_AUTOS = YES_AGGRESSIVE;
				GCC_WARN_UNUSED_FUNCTION = YES;
				GCC_WARN_UNUSED_VARIABLE = YES;
				IPHONEOS_DEPLOYMENT_TARGET = 12.1;
				MTL_ENABLE_DEBUG_INFO = NO;
				MTL_FAST_MATH = YES;
				SDKROOT = iphoneos;
				SWIFT_COMPILATION_MODE = wholemodule;
				SWIFT_OPTIMIZATION_LEVEL = "-O";
				VALIDATE_PRODUCT = YES;
			};
			name = Release;
		};
		80F651C22244A70B00397DAA /* Debug */ = {
			isa = XCBuildConfiguration;
			buildSettings = {
				ASSETCATALOG_COMPILER_APPICON_NAME = AppIcon;
				CODE_SIGN_STYLE = Automatic;
				DEVELOPMENT_TEAM = WY86QYTGHL;
				INFOPLIST_FILE = CleanTheWorld/Info.plist;
				IPHONEOS_DEPLOYMENT_TARGET = 10.3;
				LD_RUNPATH_SEARCH_PATHS = (
					"$(inherited)",
					"@executable_path/Frameworks",
				);
				PRODUCT_BUNDLE_IDENTIFIER = com.tdtInc.CleanTheWorld;
				PRODUCT_NAME = "$(TARGET_NAME)";
				SWIFT_VERSION = 4.2;
				TARGETED_DEVICE_FAMILY = "1,2";
			};
			name = Debug;
		};
		80F651C32244A70B00397DAA /* Release */ = {
			isa = XCBuildConfiguration;
			buildSettings = {
				ASSETCATALOG_COMPILER_APPICON_NAME = AppIcon;
				CODE_SIGN_STYLE = Automatic;
				DEVELOPMENT_TEAM = WY86QYTGHL;
				INFOPLIST_FILE = CleanTheWorld/Info.plist;
				IPHONEOS_DEPLOYMENT_TARGET = 10.3;
				LD_RUNPATH_SEARCH_PATHS = (
					"$(inherited)",
					"@executable_path/Frameworks",
				);
				PRODUCT_BUNDLE_IDENTIFIER = com.tdtInc.CleanTheWorld;
				PRODUCT_NAME = "$(TARGET_NAME)";
				SWIFT_VERSION = 4.2;
				TARGETED_DEVICE_FAMILY = "1,2";
			};
			name = Release;
		};
/* End XCBuildConfiguration section */

/* Begin XCConfigurationList section */
		80F651A72244A70A00397DAA /* Build configuration list for PBXProject "CleanTheWorld" */ = {
			isa = XCConfigurationList;
			buildConfigurations = (
				80F651BF2244A70B00397DAA /* Debug */,
				80F651C02244A70B00397DAA /* Release */,
			);
			defaultConfigurationIsVisible = 0;
			defaultConfigurationName = Release;
		};
		80F651C12244A70B00397DAA /* Build configuration list for PBXNativeTarget "CleanTheWorld" */ = {
			isa = XCConfigurationList;
			buildConfigurations = (
				80F651C22244A70B00397DAA /* Debug */,
				80F651C32244A70B00397DAA /* Release */,
			);
			defaultConfigurationIsVisible = 0;
			defaultConfigurationName = Release;
		};
/* End XCConfigurationList section */

/* Begin XCVersionGroup section */
		80F651B62244A70A00397DAA /* CleanTheWorld.xcdatamodeld */ = {
			isa = XCVersionGroup;
			children = (
				80F651B72244A70A00397DAA /* CleanTheWorld.xcdatamodel */,
			);
			currentVersion = 80F651B72244A70A00397DAA /* CleanTheWorld.xcdatamodel */;
			path = CleanTheWorld.xcdatamodeld;
			sourceTree = "<group>";
			versionGroupType = wrapper.xcdatamodel;
		};
/* End XCVersionGroup section */
	};
	rootObject = 80F651A42244A70A00397DAA /* Project object */;
}
